
Microsoft Visual Studio Solution File, Format Version 12.00
# Visual Studio 15
VisualStudioVersion = 15.0.27130.2027
MinimumVisualStudioVersion = 10.0.40219.1
Project("{888888A0-9F3D-457C-B088-3A5042F75D52}") = "CCCJ3", "CCCJ3\CCCJ3.pyproj", "{3A26B694-E0C0-468D-880C-4564109EC46C}"
EndProject
Global
	GlobalSection(SolutionConfigurationPlatforms) = preSolution
		Debug|Any CPU = Debug|Any CPU
		Release|Any CPU = Release|Any CPU
	EndGlobalSection
	GlobalSection(ProjectConfigurationPlatforms) = postSolution
		{3A26B694-E0C0-468D-880C-4564109EC46C}.Debug|Any CPU.ActiveCfg = Debug|Any CPU
		{3A26B694-E0C0-468D-880C-4564109EC46C}.Release|Any CPU.ActiveCfg = Release|Any CPU
	EndGlobalSection
	GlobalSection(SolutionProperties) = preSolution
		HideSolutionNode = FALSE
	EndGlobalSection
	GlobalSection(ExtensibilityGlobals) = postSolution
		SolutionGuid = {3820A545-DE43-48B3-A21C-11D225F514F7}
	EndGlobalSection
EndGlobal
