
Microsoft Visual Studio Solution File, Format Version 12.00
# Visual Studio 15
VisualStudioVersion = 15.0.27130.2027
MinimumVisualStudioVersion = 10.0.40219.1
Project("{FAE04EC0-301F-11D3-BF4B-00C04F79EFBC}") = "Milkman", "Milkman\Milkman.csproj", "{7649EC25-278D-4E2E-AA41-8E432C69F62E}"
EndProject
Global
	GlobalSection(SolutionConfigurationPlatforms) = preSolution
		Debug|Any CPU = Debug|Any CPU
		Release|Any CPU = Release|Any CPU
	EndGlobalSection
	GlobalSection(ProjectConfigurationPlatforms) = postSolution
		{7649EC25-278D-4E2E-AA41-8E432C69F62E}.Debug|Any CPU.ActiveCfg = Debug|Any CPU
		{7649EC25-278D-4E2E-AA41-8E432C69F62E}.Debug|Any CPU.Build.0 = Debug|Any CPU
		{7649EC25-278D-4E2E-AA41-8E432C69F62E}.Release|Any CPU.ActiveCfg = Release|Any CPU
		{7649EC25-278D-4E2E-AA41-8E432C69F62E}.Release|Any CPU.Build.0 = Release|Any CPU
	EndGlobalSection
	GlobalSection(SolutionProperties) = preSolution
		HideSolutionNode = FALSE
	EndGlobalSection
	GlobalSection(ExtensibilityGlobals) = postSolution
		SolutionGuid = {7317C0C0-4ED7-4CC6-8639-EAE7FD0C6E0E}
	EndGlobalSection
EndGlobal
