
Microsoft Visual Studio Solution File, Format Version 12.00
# Visual Studio 15
VisualStudioVersion = 15.0.27130.2027
MinimumVisualStudioVersion = 10.0.40219.1
Project("{888888A0-9F3D-457C-B088-3A5042F75D52}") = "CCCJ2", "CCCJ2\CCCJ2.pyproj", "{F91D974A-80AB-4991-8137-01B2978DD580}"
EndProject
Global
	GlobalSection(SolutionConfigurationPlatforms) = preSolution
		Debug|Any CPU = Debug|Any CPU
		Release|Any CPU = Release|Any CPU
	EndGlobalSection
	GlobalSection(ProjectConfigurationPlatforms) = postSolution
		{F91D974A-80AB-4991-8137-01B2978DD580}.Debug|Any CPU.ActiveCfg = Debug|Any CPU
		{F91D974A-80AB-4991-8137-01B2978DD580}.Release|Any CPU.ActiveCfg = Release|Any CPU
	EndGlobalSection
	GlobalSection(SolutionProperties) = preSolution
		HideSolutionNode = FALSE
	EndGlobalSection
	GlobalSection(ExtensibilityGlobals) = postSolution
		SolutionGuid = {3E15EBF7-0E26-46D4-A400-D44508800013}
	EndGlobalSection
EndGlobal
